
Microsoft Visual Studio Solution File, Format Version 12.00
# Visual Studio 15
VisualStudioVersion = 15.0.28307.136
MinimumVisualStudioVersion = 10.0.40219.1
Project("{8BC9CEB8-8B4A-11D0-8D11-00A0C91BC942}") = "E-ON 01", "E-ON 01\E-ON 01.vcxproj", "{6328B235-2F89-4E15-8C1F-903975AB0680}"
EndProject
Global
	GlobalSection(SolutionConfigurationPlatforms) = preSolution
		Debug|x64 = Debug|x64
		Debug|x86 = Debug|x86
		Release|x64 = Release|x64
		Release|x86 = Release|x86
	EndGlobalSection
	GlobalSection(ProjectConfigurationPlatforms) = postSolution
		{6328B235-2F89-4E15-8C1F-903975AB0680}.Debug|x64.ActiveCfg = Debug|x64
		{6328B235-2F89-4E15-8C1F-903975AB0680}.Debug|x64.Build.0 = Debug|x64
		{6328B235-2F89-4E15-8C1F-903975AB0680}.Debug|x86.ActiveCfg = Debug|Win32
		{6328B235-2F89-4E15-8C1F-903975AB0680}.Debug|x86.Build.0 = Debug|Win32
		{6328B235-2F89-4E15-8C1F-903975AB0680}.Release|x64.ActiveCfg = Release|x64
		{6328B235-2F89-4E15-8C1F-903975AB0680}.Release|x64.Build.0 = Release|x64
		{6328B235-2F89-4E15-8C1F-903975AB0680}.Release|x86.ActiveCfg = Release|Win32
		{6328B235-2F89-4E15-8C1F-903975AB0680}.Release|x86.Build.0 = Release|Win32
	EndGlobalSection
	GlobalSection(SolutionProperties) = preSolution
		HideSolutionNode = FALSE
	EndGlobalSection
	GlobalSection(ExtensibilityGlobals) = postSolution
		SolutionGuid = {E470E96C-471A-4B04-9A6B-4BE8599F89A7}
	EndGlobalSection
EndGlobal
